// !$*UTF8*$!
{
	archiveVersion = 1;
	classes = {
	};
	objectVersion = 46;
	objects = {

/* Begin PBXBuildFile section */
		91AE448B199F21BC0072F222 /* AppDelegate.swift in Sources */ = {isa = PBXBuildFile; fileRef = 91AE448A199F21BC0072F222 /* AppDelegate.swift */; };
		91AE448D199F21BC0072F222 /* ViewController.swift in Sources */ = {isa = PBXBuildFile; fileRef = 91AE448C199F21BC0072F222 /* ViewController.swift */; };
		91AE4490199F21BC0072F222 /* Main.storyboard in Resources */ = {isa = PBXBuildFile; fileRef = 91AE448E199F21BC0072F222 /* Main.storyboard */; };
		91AE4492199F21BC0072F222 /* Images.xcassets in Resources */ = {isa = PBXBuildFile; fileRef = 91AE4491199F21BC0072F222 /* Images.xcassets */; };
		91AE449E199F21BD0072F222 /* WeatherAppTests.swift in Sources */ = {isa = PBXBuildFile; fileRef = 91AE449D199F21BD0072F222 /* WeatherAppTests.swift */; };
/* End PBXBuildFile section */

/* Begin PBXContainerItemProxy section */
		91AE4498199F21BD0072F222 /* PBXContainerItemProxy */ = {
			isa = PBXContainerItemProxy;
			containerPortal = 91AE447D199F21BC0072F222 /* Project object */;
			proxyType = 1;
			remoteGlobalIDString = 91AE4484199F21BC0072F222;
			remoteInfo = WeatherApp;
		};
/* End PBXContainerItemProxy section */

/* Begin PBXFileReference section */
		91AE4485199F21BC0072F222 /* WeatherApp.app */ = {isa = PBXFileReference; explicitFileType = wrapper.application; includeInIndex = 0; path = WeatherApp.app; sourceTree = BUILT_PRODUCTS_DIR; };
		91AE4489199F21BC0072F222 /* Info.plist */ = {isa = PBXFileReference; lastKnownFileType = text.plist.xml; path = Info.plist; sourceTree = "<group>"; };
		91AE448A199F21BC0072F222 /* AppDelegate.swift */ = {isa = PBXFileReference; lastKnownFileType = sourcecode.swift; path = AppDelegate.swift; sourceTree = "<group>"; };
		91AE448C199F21BC0072F222 /* ViewController.swift */ = {isa = PBXFileReference; lastKnownFileType = sourcecode.swift; path = ViewController.swift; sourceTree = "<group>"; };
		91AE448F199F21BC0072F222 /* Base */ = {isa = PBXFileReference; lastKnownFileType = file.storyboard; name = Base; path = Base.lproj/Main.storyboard; sourceTree = "<group>"; };
		91AE4491199F21BC0072F222 /* Images.xcassets */ = {isa = PBXFileReference; lastKnownFileType = folder.assetcatalog; path = Images.xcassets; sourceTree = "<group>"; };
		91AE4497199F21BD0072F222 /* WeatherAppTests.xctest */ = {isa = PBXFileReference; explicitFileType = wrapper.cfbundle; includeInIndex = 0; path = WeatherAppTests.xctest; sourceTree = BUILT_PRODUCTS_DIR; };
		91AE449C199F21BD0072F222 /* Info.plist */ = {isa = PBXFileReference; lastKnownFileType = text.plist.xml; path = Info.plist; sourceTree = "<group>"; };
		91AE449D199F21BD0072F222 /* WeatherAppTests.swift */ = {isa = PBXFileReference; lastKnownFileType = sourcecode.swift; path = WeatherAppTests.swift; sourceTree = "<group>"; };
/* End PBXFileReference section */

/* Begin PBXFrameworksBuildPhase section */
		91AE4482199F21BC0072F222 /* Frameworks */ = {
			isa = PBXFrameworksBuildPhase;
			buildActionMask = 2147483647;
			files = (
			);
			runOnlyForDeploymentPostprocessing = 0;
		};
		91AE4494199F21BD0072F222 /* Frameworks */ = {
			isa = PBXFrameworksBuildPhase;
			buildActionMask = 2147483647;
			files = (
			);
			runOnlyForDeploymentPostprocessing = 0;
		};
/* End PBXFrameworksBuildPhase section */

/* Begin PBXGroup section */
		91AE447C199F21BC0072F222 = {
			isa = PBXGroup;
			children = (
				91AE4487199F21BC0072F222 /* WeatherApp */,
				91AE449A199F21BD0072F222 /* WeatherAppTests */,
				91AE4486199F21BC0072F222 /* Products */,
			);
			sourceTree = "<group>";
		};
		91AE4486199F21BC0072F222 /* Products */ = {
			isa = PBXGroup;
			children = (
				91AE4485199F21BC0072F222 /* WeatherApp.app */,
				91AE4497199F21BD0072F222 /* WeatherAppTests.xctest */,
			);
			name = Products;
			sourceTree = "<group>";
		};
		91AE4487199F21BC0072F222 /* WeatherApp */ = {
			isa = PBXGroup;
			children = (
				91AE448A199F21BC0072F222 /* AppDelegate.swift */,
				91AE448C199F21BC0072F222 /* ViewController.swift */,
				91AE448E199F21BC0072F222 /* Main.storyboard */,
				91AE4491199F21BC0072F222 /* Images.xcassets */,
				91AE4488199F21BC0072F222 /* Supporting Files */,
			);
			path = WeatherApp;
			sourceTree = "<group>";
		};
		91AE4488199F21BC0072F222 /* Supporting Files */ = {
			isa = PBXGroup;
			children = (
				91AE4489199F21BC0072F222 /* Info.plist */,
			);
			name = "Supporting Files";
			sourceTree = "<group>";
		};
		91AE449A199F21BD0072F222 /* WeatherAppTests */ = {
			isa = PBXGroup;
			children = (
				91AE449D199F21BD0072F222 /* WeatherAppTests.swift */,
				91AE449B199F21BD0072F222 /* Supporting Files */,
			);
			path = WeatherAppTests;
			sourceTree = "<group>";
		};
		91AE449B199F21BD0072F222 /* Supporting Files */ = {
			isa = PBXGroup;
			children = (
				91AE449C199F21BD0072F222 /* Info.plist */,
			);
			name = "Supporting Files";
			sourceTree = "<group>";
		};
/* End PBXGroup section */

/* Begin PBXNativeTarget section */
		91AE4484199F21BC0072F222 /* WeatherApp */ = {
			isa = PBXNativeTarget;
			buildConfigurationList = 91AE44A1199F21BD0072F222 /* Build configuration list for PBXNativeTarget "WeatherApp" */;
			buildPhases = (
				91AE4481199F21BC0072F222 /* Sources */,
				91AE4482199F21BC0072F222 /* Frameworks */,
				91AE4483199F21BC0072F222 /* Resources */,
			);
			buildRules = (
			);
			dependencies = (
			);
			name = WeatherApp;
			productName = WeatherApp;
			productReference = 91AE4485199F21BC0072F222 /* WeatherApp.app */;
			productType = "com.apple.product-type.application";
		};
		91AE4496199F21BD0072F222 /* WeatherAppTests */ = {
			isa = PBXNativeTarget;
			buildConfigurationList = 91AE44A4199F21BD0072F222 /* Build configuration list for PBXNativeTarget "WeatherAppTests" */;
			buildPhases = (
				91AE4493199F21BD0072F222 /* Sources */,
				91AE4494199F21BD0072F222 /* Frameworks */,
				91AE4495199F21BD0072F222 /* Resources */,
			);
			buildRules = (
			);
			dependencies = (
				91AE4499199F21BD0072F222 /* PBXTargetDependency */,
			);
			name = WeatherAppTests;
			productName = WeatherAppTests;
			productReference = 91AE4497199F21BD0072F222 /* WeatherAppTests.xctest */;
			productType = "com.apple.product-type.bundle.unit-test";
		};
/* End PBXNativeTarget section */

/* Begin PBXProject section */
		91AE447D199F21BC0072F222 /* Project object */ = {
			isa = PBXProject;
			attributes = {
				LastUpgradeCheck = 0600;
				ORGANIZATIONNAME = "Ｗang Chia Jung";
				TargetAttributes = {
					91AE4484199F21BC0072F222 = {
						CreatedOnToolsVersion = 6.0;
					};
					91AE4496199F21BD0072F222 = {
						CreatedOnToolsVersion = 6.0;
						TestTargetID = 91AE4484199F21BC0072F222;
					};
				};
			};
			buildConfigurationList = 91AE4480199F21BC0072F222 /* Build configuration list for PBXProject "WeatherApp" */;
			compatibilityVersion = "Xcode 3.2";
			developmentRegion = English;
			hasScannedForEncodings = 0;
			knownRegions = (
				en,
				Base,
			);
			mainGroup = 91AE447C199F21BC0072F222;
			productRefGroup = 91AE4486199F21BC0072F222 /* Products */;
			projectDirPath = "";
			projectRoot = "";
			targets = (
				91AE4484199F21BC0072F222 /* WeatherApp */,
				91AE4496199F21BD0072F222 /* WeatherAppTests */,
			);
		};
/* End PBXProject section */

/* Begin PBXResourcesBuildPhase section */
		91AE4483199F21BC0072F222 /* Resources */ = {
			isa = PBXResourcesBuildPhase;
			buildActionMask = 2147483647;
			files = (
				91AE4490199F21BC0072F222 /* Main.storyboard in Resources */,
				91AE4492199F21BC0072F222 /* Images.xcassets in Resources */,
			);
			runOnlyForDeploymentPostprocessing = 0;
		};
		91AE4495199F21BD0072F222 /* Resources */ = {
			isa = PBXResourcesBuildPhase;
			buildActionMask = 2147483647;
			files = (
			);
			runOnlyForDeploymentPostprocessing = 0;
		};
/* End PBXResourcesBuildPhase section */

/* Begin PBXSourcesBuildPhase section */
		91AE4481199F21BC0072F222 /* Sources */ = {
			isa = PBXSourcesBuildPhase;
			buildActionMask = 2147483647;
			files = (
				91AE448D199F21BC0072F222 /* ViewController.swift in Sources */,
				91AE448B199F21BC0072F222 /* AppDelegate.swift in Sources */,
			);
			runOnlyForDeploymentPostprocessing = 0;
		};
		91AE4493199F21BD0072F222 /* Sources */ = {
			isa = PBXSourcesBuildPhase;
			buildActionMask = 2147483647;
			files = (
				91AE449E199F21BD0072F222 /* WeatherAppTests.swift in Sources */,
			);
			runOnlyForDeploymentPostprocessing = 0;
		};
/* End PBXSourcesBuildPhase section */

/* Begin PBXTargetDependency section */
		91AE4499199F21BD0072F222 /* PBXTargetDependency */ = {
			isa = PBXTargetDependency;
			target = 91AE4484199F21BC0072F222 /* WeatherApp */;
			targetProxy = 91AE4498199F21BD0072F222 /* PBXContainerItemProxy */;
		};
/* End PBXTargetDependency section */

/* Begin PBXVariantGroup section */
		91AE448E199F21BC0072F222 /* Main.storyboard */ = {
			isa = PBXVariantGroup;
			children = (
				91AE448F199F21BC0072F222 /* Base */,
			);
			name = Main.storyboard;
			sourceTree = "<group>";
		};
/* End PBXVariantGroup section */

/* Begin XCBuildConfiguration section */
		91AE449F199F21BD0072F222 /* Debug */ = {
			isa = XCBuildConfiguration;
			buildSettings = {
				ALWAYS_SEARCH_USER_PATHS = NO;
				CLANG_CXX_LANGUAGE_STANDARD = "gnu++0x";
				CLANG_CXX_LIBRARY = "libc++";
				CLANG_ENABLE_MODULES = YES;
				CLANG_ENABLE_OBJC_ARC = YES;
				CLANG_WARN_BOOL_CONVERSION = YES;
				CLANG_WARN_CONSTANT_CONVERSION = YES;
				CLANG_WARN_DIRECT_OBJC_ISA_USAGE = YES_ERROR;
				CLANG_WARN_EMPTY_BODY = YES;
				CLANG_WARN_ENUM_CONVERSION = YES;
				CLANG_WARN_INT_CONVERSION = YES;
				CLANG_WARN_OBJC_ROOT_CLASS = YES_ERROR;
				CLANG_WARN_UNREACHABLE_CODE = YES;
				CLANG_WARN__DUPLICATE_METHOD_MATCH = YES;
				"CODE_SIGN_IDENTITY[sdk=iphoneos*]" = "iPhone Developer";
				COPY_PHASE_STRIP = NO;
				ENABLE_STRICT_OBJC_MSGSEND = YES;
				GCC_C_LANGUAGE_STANDARD = gnu99;
				GCC_DYNAMIC_NO_PIC = NO;
				GCC_OPTIMIZATION_LEVEL = 0;
				GCC_PREPROCESSOR_DEFINITIONS = (
					"DEBUG=1",
					"$(inherited)",
				);
				GCC_SYMBOLS_PRIVATE_EXTERN = NO;
				GCC_WARN_64_TO_32_BIT_CONVERSION = YES;
				GCC_WARN_ABOUT_RETURN_TYPE = YES_ERROR;
				GCC_WARN_UNDECLARED_SELECTOR = YES;
				GCC_WARN_UNINITIALIZED_AUTOS = YES_AGGRESSIVE;
				GCC_WARN_UNUSED_FUNCTION = YES;
				GCC_WARN_UNUSED_VARIABLE = YES;
				IPHONEOS_DEPLOYMENT_TARGET = 8.0;
				MTL_ENABLE_DEBUG_INFO = YES;
				ONLY_ACTIVE_ARCH = YES;
				SDKROOT = iphoneos;
				SWIFT_OPTIMIZATION_LEVEL = "-Onone";
				TARGETED_DEVICE_FAMILY = "1,2";
			};
			name = Debug;
		};
		91AE44A0199F21BD0072F222 /* Release */ = {
			isa = XCBuildConfiguration;
			buildSettings = {
				ALWAYS_SEARCH_USER_PATHS = NO;
				CLANG_CXX_LANGUAGE_STANDARD = "gnu++0x";
				CLANG_CXX_LIBRARY = "libc++";
				CLANG_ENABLE_MODULES = YES;
				CLANG_ENABLE_OBJC_ARC = YES;
				CLANG_WARN_BOOL_CONVERSION = YES;
				CLANG_WARN_CONSTANT_CONVERSION = YES;
				CLANG_WARN_DIRECT_OBJC_ISA_USAGE = YES_ERROR;
				CLANG_WARN_EMPTY_BODY = YES;
				CLANG_WARN_ENUM_CONVERSION = YES;
				CLANG_WARN_INT_CONVERSION = YES;
				CLANG_WARN_OBJC_ROOT_CLASS = YES_ERROR;
				CLANG_WARN_UNREACHABLE_CODE = YES;
				CLANG_WARN__DUPLICATE_METHOD_MATCH = YES;
				"CODE_SIGN_IDENTITY[sdk=iphoneos*]" = "iPhone Developer";
				COPY_PHASE_STRIP = YES;
				ENABLE_NS_ASSERTIONS = NO;
				ENABLE_STRICT_OBJC_MSGSEND = YES;
				GCC_C_LANGUAGE_STANDARD = gnu99;
				GCC_WARN_64_TO_32_BIT_CONVERSION = YES;
				GCC_WARN_ABOUT_RETURN_TYPE = YES_ERROR;
				GCC_WARN_UNDECLARED_SELECTOR = YES;
				GCC_WARN_UNINITIALIZED_AUTOS = YES_AGGRESSIVE;
				GCC_WARN_UNUSED_FUNCTION = YES;
				GCC_WARN_UNUSED_VARIABLE = YES;
				IPHONEOS_DEPLOYMENT_TARGET = 8.0;
				MTL_ENABLE_DEBUG_INFO = NO;
				SDKROOT = iphoneos;
				TARGETED_DEVICE_FAMILY = "1,2";
				VALIDATE_PRODUCT = YES;
			};
			name = Release;
		};
		91AE44A2199F21BD0072F222 /* Debug */ = {
			isa = XCBuildConfiguration;
			buildSettings = {
				ASSETCATALOG_COMPILER_APPICON_NAME = AppIcon;
				ASSETCATALOG_COMPILER_LAUNCHIMAGE_NAME = LaunchImage;
				INFOPLIST_FILE = WeatherApp/Info.plist;
				LD_RUNPATH_SEARCH_PATHS = "$(inherited) @executable_path/Frameworks";
				PRODUCT_NAME = "$(TARGET_NAME)";
			};
			name = Debug;
		};
		91AE44A3199F21BD0072F222 /* Release */ = {
			isa = XCBuildConfiguration;
			buildSettings = {
				ASSETCATALOG_COMPILER_APPICON_NAME = AppIcon;
				ASSETCATALOG_COMPILER_LAUNCHIMAGE_NAME = LaunchImage;
				INFOPLIST_FILE = WeatherApp/Info.plist;
				LD_RUNPATH_SEARCH_PATHS = "$(inherited) @executable_path/Frameworks";
				PRODUCT_NAME = "$(TARGET_NAME)";
			};
			name = Release;
		};
		91AE44A5199F21BD0072F222 /* Debug */ = {
			isa = XCBuildConfiguration;
			buildSettings = {
				BUNDLE_LOADER = "$(TEST_HOST)";
				FRAMEWORK_SEARCH_PATHS = (
					"$(SDKROOT)/Developer/Library/Frameworks",
					"$(inherited)",
				);
				GCC_PREPROCESSOR_DEFINITIONS = (
					"DEBUG=1",
					"$(inherited)",
				);
				INFOPLIST_FILE = WeatherAppTests/Info.plist;
				LD_RUNPATH_SEARCH_PATHS = "$(inherited) @executable_path/Frameworks @loader_path/Frameworks";
				PRODUCT_NAME = "$(TARGET_NAME)";
				TEST_HOST = "$(BUILT_PRODUCTS_DIR)/WeatherApp.app/WeatherApp";
			};
			name = Debug;
		};
		91AE44A6199F21BD0072F222 /* Release */ = {
			isa = XCBuildConfiguration;
			buildSettings = {
				BUNDLE_LOADER = "$(TEST_HOST)";
				FRAMEWORK_SEARCH_PATHS = (
					"$(SDKROOT)/Developer/Library/Frameworks",
					"$(inherited)",
				);
				INFOPLIST_FILE = WeatherAppTests/Info.plist;
				LD_RUNPATH_SEARCH_PATHS = "$(inherited) @executable_path/Frameworks @loader_path/Frameworks";
				PRODUCT_NAME = "$(TARGET_NAME)";
				TEST_HOST = "$(BUILT_PRODUCTS_DIR)/WeatherApp.app/WeatherApp";
			};
			name = Release;
		};
/* End XCBuildConfiguration section */

/* Begin XCConfigurationList section */
		91AE4480199F21BC0072F222 /* Build configuration list for PBXProject "WeatherApp" */ = {
			isa = XCConfigurationList;
			buildConfigurations = (
				91AE449F199F21BD0072F222 /* Debug */,
				91AE44A0199F21BD0072F222 /* Release */,
			);
			defaultConfigurationIsVisible = 0;
			defaultConfigurationName = Release;
		};
		91AE44A1199F21BD0072F222 /* Build configuration list for PBXNativeTarget "WeatherApp" */ = {
			isa = XCConfigurationList;
			buildConfigurations = (
				91AE44A2199F21BD0072F222 /* Debug */,
				91AE44A3199F21BD0072F222 /* Release */,
			);
			defaultConfigurationIsVisible = 0;
		};
		91AE44A4199F21BD0072F222 /* Build configuration list for PBXNativeTarget "WeatherAppTests" */ = {
			isa = XCConfigurationList;
			buildConfigurations = (
				91AE44A5199F21BD0072F222 /* Debug */,
				91AE44A6199F21BD0072F222 /* Release */,
			);
			defaultConfigurationIsVisible = 0;
		};
/* End XCConfigurationList section */
	};
	rootObject = 91AE447D199F21BC0072F222 /* Project object */;
}
